
Microsoft Visual Studio Solution File, Format Version 12.00
# Visual Studio 15
VisualStudioVersion = 15.0.27428.2043
MinimumVisualStudioVersion = 10.0.40219.1
Project("{9A19103F-16F7-4668-BE54-9A1E7A4F7556}") = "CoreHook", "CoreHook\CoreHook.csproj", "{61F07576-200E-40A6-B2D5-329069F65505}"
EndProject
Project("{9A19103F-16F7-4668-BE54-9A1E7A4F7556}") = "CoreHook.CoreLoad", "CoreHook.CoreLoad\CoreHook.CoreLoad.csproj", "{625BC724-A1E5-4EE2-9205-6CDADCBAA7B9}"
EndProject
Project("{9A19103F-16F7-4668-BE54-9A1E7A4F7556}") = "CoreHook.RPC", "CoreHook.RPC\CoreHook.RPC.csproj", "{3AD4641A-6C3A-43AC-98A9-14B1646EBFAC}"
EndProject
Project("{9A19103F-16F7-4668-BE54-9A1E7A4F7556}") = "CoreHook.Unmanaged", "CoreHook.Unmanaged\CoreHook.Unmanaged.csproj", "{A50BC80D-BBA8-4EB3-AB59-E2D88CF1D992}"
EndProject
Project("{9A19103F-16F7-4668-BE54-9A1E7A4F7556}") = "CoreHook.BinaryInjection", "CoreHook.BinaryInjection\CoreHook.BinaryInjection.csproj", "{06CAB919-54BE-4ACC-ACF6-58FD3BD871DF}"
EndProject
Project("{9A19103F-16F7-4668-BE54-9A1E7A4F7556}") = "CoreHook.ManagedHook", "CoreHook.ManagedHook\CoreHook.ManagedHook.csproj", "{63FA44A6-211A-4E83-8FB8-88A7256A42B0}"
EndProject
Project("{9A19103F-16F7-4668-BE54-9A1E7A4F7556}") = "CoreHook.IPC", "CoreHook.IPC\CoreHook.IPC.csproj", "{84922F87-1E1E-444E-A572-D4453076AB2E}"
EndProject
Project("{2150E333-8FDC-42A3-9474-1A3956D46DE8}") = "Examples", "Examples", "{C1E373D4-037B-4479-9AF5-EE4E08642585}"
EndProject
Project("{9A19103F-16F7-4668-BE54-9A1E7A4F7556}") = "CoreHook.FileMonitor", "Examples\CoreHook.FileMonitor\CoreHook.FileMonitor.csproj", "{8CD05014-83B4-4512-B050-7BCF63857B63}"
EndProject
Project("{9A19103F-16F7-4668-BE54-9A1E7A4F7556}") = "CoreHook.FileMonitor.Hook", "Examples\CoreHook.FileMonitor.Hook\CoreHook.FileMonitor.Hook.csproj", "{D1B07AC6-D844-416B-8400-7AA1D5107DA6}"
EndProject
Project("{9A19103F-16F7-4668-BE54-9A1E7A4F7556}") = "CoreHook.FileMonitor.Shared", "Examples\CoreHook.FileMonitor.Shared\CoreHook.FileMonitor.Shared.csproj", "{F2BACDE5-4712-4475-9E8E-8138C8908F46}"
EndProject
Project("{2150E333-8FDC-42A3-9474-1A3956D46DE8}") = "UWP", "UWP", "{9057E888-2395-40BB-BD54-FF486028AE16}"
EndProject
Project("{FAE04EC0-301F-11D3-BF4B-00C04F79EFBC}") = "CoreHook.UWP.FileMonitor", "Examples\UWP\CoreHook.UWP.FileMonitor\CoreHook.UWP.FileMonitor.csproj", "{5B3CB97B-4413-4613-80D4-5A2D96A9FF1E}"
EndProject
Project("{FAE04EC0-301F-11D3-BF4B-00C04F79EFBC}") = "CoreHook.UWP.FileMonitor.Hook", "Examples\UWP\CoreHook.UWP.FileMonitor.Hook\CoreHook.UWP.FileMonitor.Hook.csproj", "{F5C8C0B0-3DC0-40A8-B2B0-3E8A352092AF}"
EndProject
Project("{FAE04EC0-301F-11D3-BF4B-00C04F79EFBC}") = "CoreHook.UWP.FileMonitor.Shared", "Examples\UWP\CoreHook.UWP.FileMonitor.Shared\CoreHook.UWP.FileMonitor.Shared.csproj", "{8A1CF652-4A6B-4CCA-878E-0F1B6A549EC1}"
EndProject
Project("{FAE04EC0-301F-11D3-BF4B-00C04F79EFBC}") = "CoreHook.FileMonitor.Service", "Examples\CoreHook.FileMonitor.Service\CoreHook.FileMonitor.Service.csproj", "{C4BFFC28-B820-487D-BCE8-B71AA84066ED}"
EndProject
Project("{FAE04EC0-301F-11D3-BF4B-00C04F79EFBC}") = "CoreHook.DependencyModel", "CoreHook.DependencyModel\CoreHook.DependencyModel.csproj", "{86B068D6-BC9F-48ED-9BB8-AC0C3DB62A76}"
EndProject
Global
	GlobalSection(SolutionConfigurationPlatforms) = preSolution
		Debug|Any CPU = Debug|Any CPU
		Debug|x64 = Debug|x64
		Release|Any CPU = Release|Any CPU
		Release|x64 = Release|x64
	EndGlobalSection
	GlobalSection(ProjectConfigurationPlatforms) = postSolution
		{61F07576-200E-40A6-B2D5-329069F65505}.Debug|Any CPU.ActiveCfg = Debug|Any CPU
		{61F07576-200E-40A6-B2D5-329069F65505}.Debug|Any CPU.Build.0 = Debug|Any CPU
		{61F07576-200E-40A6-B2D5-329069F65505}.Debug|x64.ActiveCfg = Debug|Any CPU
		{61F07576-200E-40A6-B2D5-329069F65505}.Debug|x64.Build.0 = Debug|Any CPU
		{61F07576-200E-40A6-B2D5-329069F65505}.Release|Any CPU.ActiveCfg = Release|Any CPU
		{61F07576-200E-40A6-B2D5-329069F65505}.Release|Any CPU.Build.0 = Release|Any CPU
		{61F07576-200E-40A6-B2D5-329069F65505}.Release|x64.ActiveCfg = Release|Any CPU
		{61F07576-200E-40A6-B2D5-329069F65505}.Release|x64.Build.0 = Release|Any CPU
		{625BC724-A1E5-4EE2-9205-6CDADCBAA7B9}.Debug|Any CPU.ActiveCfg = Debug|Any CPU
		{625BC724-A1E5-4EE2-9205-6CDADCBAA7B9}.Debug|Any CPU.Build.0 = Debug|Any CPU
		{625BC724-A1E5-4EE2-9205-6CDADCBAA7B9}.Debug|x64.ActiveCfg = Debug|x64
		{625BC724-A1E5-4EE2-9205-6CDADCBAA7B9}.Debug|x64.Build.0 = Debug|x64
		{625BC724-A1E5-4EE2-9205-6CDADCBAA7B9}.Release|Any CPU.ActiveCfg = Release|Any CPU
		{625BC724-A1E5-4EE2-9205-6CDADCBAA7B9}.Release|Any CPU.Build.0 = Release|Any CPU
		{625BC724-A1E5-4EE2-9205-6CDADCBAA7B9}.Release|x64.ActiveCfg = Release|x64
		{625BC724-A1E5-4EE2-9205-6CDADCBAA7B9}.Release|x64.Build.0 = Release|x64
		{3AD4641A-6C3A-43AC-98A9-14B1646EBFAC}.Debug|Any CPU.ActiveCfg = Debug|Any CPU
		{3AD4641A-6C3A-43AC-98A9-14B1646EBFAC}.Debug|Any CPU.Build.0 = Debug|Any CPU
		{3AD4641A-6C3A-43AC-98A9-14B1646EBFAC}.Debug|x64.ActiveCfg = Debug|x64
		{3AD4641A-6C3A-43AC-98A9-14B1646EBFAC}.Debug|x64.Build.0 = Debug|x64
		{3AD4641A-6C3A-43AC-98A9-14B1646EBFAC}.Release|Any CPU.ActiveCfg = Release|Any CPU
		{3AD4641A-6C3A-43AC-98A9-14B1646EBFAC}.Release|Any CPU.Build.0 = Release|Any CPU
		{3AD4641A-6C3A-43AC-98A9-14B1646EBFAC}.Release|x64.ActiveCfg = Release|x64
		{3AD4641A-6C3A-43AC-98A9-14B1646EBFAC}.Release|x64.Build.0 = Release|x64
		{A50BC80D-BBA8-4EB3-AB59-E2D88CF1D992}.Debug|Any CPU.ActiveCfg = Debug|Any CPU
		{A50BC80D-BBA8-4EB3-AB59-E2D88CF1D992}.Debug|Any CPU.Build.0 = Debug|Any CPU
		{A50BC80D-BBA8-4EB3-AB59-E2D88CF1D992}.Debug|x64.ActiveCfg = Debug|x64
		{A50BC80D-BBA8-4EB3-AB59-E2D88CF1D992}.Debug|x64.Build.0 = Debug|x64
		{A50BC80D-BBA8-4EB3-AB59-E2D88CF1D992}.Release|Any CPU.ActiveCfg = Release|Any CPU
		{A50BC80D-BBA8-4EB3-AB59-E2D88CF1D992}.Release|Any CPU.Build.0 = Release|Any CPU
		{A50BC80D-BBA8-4EB3-AB59-E2D88CF1D992}.Release|x64.ActiveCfg = Release|x64
		{A50BC80D-BBA8-4EB3-AB59-E2D88CF1D992}.Release|x64.Build.0 = Release|x64
		{06CAB919-54BE-4ACC-ACF6-58FD3BD871DF}.Debug|Any CPU.ActiveCfg = Debug|Any CPU
		{06CAB919-54BE-4ACC-ACF6-58FD3BD871DF}.Debug|Any CPU.Build.0 = Debug|Any CPU
		{06CAB919-54BE-4ACC-ACF6-58FD3BD871DF}.Debug|x64.ActiveCfg = Debug|x64
		{06CAB919-54BE-4ACC-ACF6-58FD3BD871DF}.Debug|x64.Build.0 = Debug|x64
		{06CAB919-54BE-4ACC-ACF6-58FD3BD871DF}.Release|Any CPU.ActiveCfg = Release|Any CPU
		{06CAB919-54BE-4ACC-ACF6-58FD3BD871DF}.Release|Any CPU.Build.0 = Release|Any CPU
		{06CAB919-54BE-4ACC-ACF6-58FD3BD871DF}.Release|x64.ActiveCfg = Release|x64
		{06CAB919-54BE-4ACC-ACF6-58FD3BD871DF}.Release|x64.Build.0 = Release|x64
		{63FA44A6-211A-4E83-8FB8-88A7256A42B0}.Debug|Any CPU.ActiveCfg = Debug|Any CPU
		{63FA44A6-211A-4E83-8FB8-88A7256A42B0}.Debug|Any CPU.Build.0 = Debug|Any CPU
		{63FA44A6-211A-4E83-8FB8-88A7256A42B0}.Debug|x64.ActiveCfg = Debug|x64
		{63FA44A6-211A-4E83-8FB8-88A7256A42B0}.Debug|x64.Build.0 = Debug|x64
		{63FA44A6-211A-4E83-8FB8-88A7256A42B0}.Release|Any CPU.ActiveCfg = Release|Any CPU
		{63FA44A6-211A-4E83-8FB8-88A7256A42B0}.Release|Any CPU.Build.0 = Release|Any CPU
		{63FA44A6-211A-4E83-8FB8-88A7256A42B0}.Release|x64.ActiveCfg = Release|x64
		{63FA44A6-211A-4E83-8FB8-88A7256A42B0}.Release|x64.Build.0 = Release|x64
		{84922F87-1E1E-444E-A572-D4453076AB2E}.Debug|Any CPU.ActiveCfg = Debug|Any CPU
		{84922F87-1E1E-444E-A572-D4453076AB2E}.Debug|Any CPU.Build.0 = Debug|Any CPU
		{84922F87-1E1E-444E-A572-D4453076AB2E}.Debug|x64.ActiveCfg = Debug|Any CPU
		{84922F87-1E1E-444E-A572-D4453076AB2E}.Debug|x64.Build.0 = Debug|Any CPU
		{84922F87-1E1E-444E-A572-D4453076AB2E}.Release|Any CPU.ActiveCfg = Release|Any CPU
		{84922F87-1E1E-444E-A572-D4453076AB2E}.Release|Any CPU.Build.0 = Release|Any CPU
		{84922F87-1E1E-444E-A572-D4453076AB2E}.Release|x64.ActiveCfg = Release|Any CPU
		{84922F87-1E1E-444E-A572-D4453076AB2E}.Release|x64.Build.0 = Release|Any CPU
		{8CD05014-83B4-4512-B050-7BCF63857B63}.Debug|Any CPU.ActiveCfg = Debug|Any CPU
		{8CD05014-83B4-4512-B050-7BCF63857B63}.Debug|Any CPU.Build.0 = Debug|Any CPU
		{8CD05014-83B4-4512-B050-7BCF63857B63}.Debug|x64.ActiveCfg = Debug|Any CPU
		{8CD05014-83B4-4512-B050-7BCF63857B63}.Debug|x64.Build.0 = Debug|Any CPU
		{8CD05014-83B4-4512-B050-7BCF63857B63}.Release|Any CPU.ActiveCfg = Release|Any CPU
		{8CD05014-83B4-4512-B050-7BCF63857B63}.Release|Any CPU.Build.0 = Release|Any CPU
		{8CD05014-83B4-4512-B050-7BCF63857B63}.Release|x64.ActiveCfg = Release|Any CPU
		{8CD05014-83B4-4512-B050-7BCF63857B63}.Release|x64.Build.0 = Release|Any CPU
		{D1B07AC6-D844-416B-8400-7AA1D5107DA6}.Debug|Any CPU.ActiveCfg = Debug|Any CPU
		{D1B07AC6-D844-416B-8400-7AA1D5107DA6}.Debug|Any CPU.Build.0 = Debug|Any CPU
		{D1B07AC6-D844-416B-8400-7AA1D5107DA6}.Debug|x64.ActiveCfg = Debug|Any CPU
		{D1B07AC6-D844-416B-8400-7AA1D5107DA6}.Debug|x64.Build.0 = Debug|Any CPU
		{D1B07AC6-D844-416B-8400-7AA1D5107DA6}.Release|Any CPU.ActiveCfg = Release|Any CPU
		{D1B07AC6-D844-416B-8400-7AA1D5107DA6}.Release|Any CPU.Build.0 = Release|Any CPU
		{D1B07AC6-D844-416B-8400-7AA1D5107DA6}.Release|x64.ActiveCfg = Release|Any CPU
		{D1B07AC6-D844-416B-8400-7AA1D5107DA6}.Release|x64.Build.0 = Release|Any CPU
		{F2BACDE5-4712-4475-9E8E-8138C8908F46}.Debug|Any CPU.ActiveCfg = Debug|Any CPU
		{F2BACDE5-4712-4475-9E8E-8138C8908F46}.Debug|Any CPU.Build.0 = Debug|Any CPU
		{F2BACDE5-4712-4475-9E8E-8138C8908F46}.Debug|x64.ActiveCfg = Debug|Any CPU
		{F2BACDE5-4712-4475-9E8E-8138C8908F46}.Debug|x64.Build.0 = Debug|Any CPU
		{F2BACDE5-4712-4475-9E8E-8138C8908F46}.Release|Any CPU.ActiveCfg = Release|Any CPU
		{F2BACDE5-4712-4475-9E8E-8138C8908F46}.Release|Any CPU.Build.0 = Release|Any CPU
		{F2BACDE5-4712-4475-9E8E-8138C8908F46}.Release|x64.ActiveCfg = Release|Any CPU
		{F2BACDE5-4712-4475-9E8E-8138C8908F46}.Release|x64.Build.0 = Release|Any CPU
		{5B3CB97B-4413-4613-80D4-5A2D96A9FF1E}.Debug|Any CPU.ActiveCfg = Debug|Any CPU
		{5B3CB97B-4413-4613-80D4-5A2D96A9FF1E}.Debug|Any CPU.Build.0 = Debug|Any CPU
		{5B3CB97B-4413-4613-80D4-5A2D96A9FF1E}.Debug|x64.ActiveCfg = Debug|Any CPU
		{5B3CB97B-4413-4613-80D4-5A2D96A9FF1E}.Debug|x64.Build.0 = Debug|Any CPU
		{5B3CB97B-4413-4613-80D4-5A2D96A9FF1E}.Release|Any CPU.ActiveCfg = Release|Any CPU
		{5B3CB97B-4413-4613-80D4-5A2D96A9FF1E}.Release|Any CPU.Build.0 = Release|Any CPU
		{5B3CB97B-4413-4613-80D4-5A2D96A9FF1E}.Release|x64.ActiveCfg = Release|Any CPU
		{5B3CB97B-4413-4613-80D4-5A2D96A9FF1E}.Release|x64.Build.0 = Release|Any CPU
		{F5C8C0B0-3DC0-40A8-B2B0-3E8A352092AF}.Debug|Any CPU.ActiveCfg = Debug|Any CPU
		{F5C8C0B0-3DC0-40A8-B2B0-3E8A352092AF}.Debug|Any CPU.Build.0 = Debug|Any CPU
		{F5C8C0B0-3DC0-40A8-B2B0-3E8A352092AF}.Debug|x64.ActiveCfg = Debug|Any CPU
		{F5C8C0B0-3DC0-40A8-B2B0-3E8A352092AF}.Debug|x64.Build.0 = Debug|Any CPU
		{F5C8C0B0-3DC0-40A8-B2B0-3E8A352092AF}.Release|Any CPU.ActiveCfg = Release|Any CPU
		{F5C8C0B0-3DC0-40A8-B2B0-3E8A352092AF}.Release|Any CPU.Build.0 = Release|Any CPU
		{F5C8C0B0-3DC0-40A8-B2B0-3E8A352092AF}.Release|x64.ActiveCfg = Release|Any CPU
		{F5C8C0B0-3DC0-40A8-B2B0-3E8A352092AF}.Release|x64.Build.0 = Release|Any CPU
		{8A1CF652-4A6B-4CCA-878E-0F1B6A549EC1}.Debug|Any CPU.ActiveCfg = Debug|Any CPU
		{8A1CF652-4A6B-4CCA-878E-0F1B6A549EC1}.Debug|Any CPU.Build.0 = Debug|Any CPU
		{8A1CF652-4A6B-4CCA-878E-0F1B6A549EC1}.Debug|x64.ActiveCfg = Debug|Any CPU
		{8A1CF652-4A6B-4CCA-878E-0F1B6A549EC1}.Debug|x64.Build.0 = Debug|Any CPU
		{8A1CF652-4A6B-4CCA-878E-0F1B6A549EC1}.Release|Any CPU.ActiveCfg = Release|Any CPU
		{8A1CF652-4A6B-4CCA-878E-0F1B6A549EC1}.Release|Any CPU.Build.0 = Release|Any CPU
		{8A1CF652-4A6B-4CCA-878E-0F1B6A549EC1}.Release|x64.ActiveCfg = Release|Any CPU
		{8A1CF652-4A6B-4CCA-878E-0F1B6A549EC1}.Release|x64.Build.0 = Release|Any CPU
		{C4BFFC28-B820-487D-BCE8-B71AA84066ED}.Debug|Any CPU.ActiveCfg = Debug|Any CPU
		{C4BFFC28-B820-487D-BCE8-B71AA84066ED}.Debug|Any CPU.Build.0 = Debug|Any CPU
		{C4BFFC28-B820-487D-BCE8-B71AA84066ED}.Debug|x64.ActiveCfg = Debug|Any CPU
		{C4BFFC28-B820-487D-BCE8-B71AA84066ED}.Debug|x64.Build.0 = Debug|Any CPU
		{C4BFFC28-B820-487D-BCE8-B71AA84066ED}.Release|Any CPU.ActiveCfg = Release|Any CPU
		{C4BFFC28-B820-487D-BCE8-B71AA84066ED}.Release|Any CPU.Build.0 = Release|Any CPU
		{C4BFFC28-B820-487D-BCE8-B71AA84066ED}.Release|x64.ActiveCfg = Release|Any CPU
		{C4BFFC28-B820-487D-BCE8-B71AA84066ED}.Release|x64.Build.0 = Release|Any CPU
		{86B068D6-BC9F-48ED-9BB8-AC0C3DB62A76}.Debug|Any CPU.ActiveCfg = Debug|Any CPU
		{86B068D6-BC9F-48ED-9BB8-AC0C3DB62A76}.Debug|Any CPU.Build.0 = Debug|Any CPU
		{86B068D6-BC9F-48ED-9BB8-AC0C3DB62A76}.Debug|x64.ActiveCfg = Debug|Any CPU
		{86B068D6-BC9F-48ED-9BB8-AC0C3DB62A76}.Debug|x64.Build.0 = Debug|Any CPU
		{86B068D6-BC9F-48ED-9BB8-AC0C3DB62A76}.Release|Any CPU.ActiveCfg = Release|Any CPU
		{86B068D6-BC9F-48ED-9BB8-AC0C3DB62A76}.Release|Any CPU.Build.0 = Release|Any CPU
		{86B068D6-BC9F-48ED-9BB8-AC0C3DB62A76}.Release|x64.ActiveCfg = Release|Any CPU
		{86B068D6-BC9F-48ED-9BB8-AC0C3DB62A76}.Release|x64.Build.0 = Release|Any CPU
	EndGlobalSection
	GlobalSection(SolutionProperties) = preSolution
		HideSolutionNode = FALSE
	EndGlobalSection
	GlobalSection(NestedProjects) = preSolution
		{8CD05014-83B4-4512-B050-7BCF63857B63} = {C1E373D4-037B-4479-9AF5-EE4E08642585}
		{D1B07AC6-D844-416B-8400-7AA1D5107DA6} = {C1E373D4-037B-4479-9AF5-EE4E08642585}
		{F2BACDE5-4712-4475-9E8E-8138C8908F46} = {C1E373D4-037B-4479-9AF5-EE4E08642585}
		{9057E888-2395-40BB-BD54-FF486028AE16} = {C1E373D4-037B-4479-9AF5-EE4E08642585}
		{5B3CB97B-4413-4613-80D4-5A2D96A9FF1E} = {9057E888-2395-40BB-BD54-FF486028AE16}
		{F5C8C0B0-3DC0-40A8-B2B0-3E8A352092AF} = {9057E888-2395-40BB-BD54-FF486028AE16}
		{8A1CF652-4A6B-4CCA-878E-0F1B6A549EC1} = {9057E888-2395-40BB-BD54-FF486028AE16}
		{C4BFFC28-B820-487D-BCE8-B71AA84066ED} = {C1E373D4-037B-4479-9AF5-EE4E08642585}
	EndGlobalSection
	GlobalSection(ExtensibilityGlobals) = postSolution
		SolutionGuid = {7F1E6A8F-CBCB-4F01-B2C4-446C6F3AD674}
	EndGlobalSection
EndGlobal
