
Microsoft Visual Studio Solution File, Format Version 12.00
# Visual Studio 15
VisualStudioVersion = 15.0.27428.2043
MinimumVisualStudioVersion = 10.0.40219.1
Project("{2150E333-8FDC-42A3-9474-1A3956D46DE8}") = "examples", "examples", "{C1E373D4-037B-4479-9AF5-EE4E08642585}"
EndProject
Project("{2150E333-8FDC-42A3-9474-1A3956D46DE8}") = "UWP", "UWP", "{9057E888-2395-40BB-BD54-FF486028AE16}"
EndProject
Project("{9A19103F-16F7-4668-BE54-9A1E7A4F7556}") = "CoreHook.UWP.FileMonitor.Hook", "Examples\UWP\CoreHook.UWP.FileMonitor.Hook\CoreHook.UWP.FileMonitor.Hook.csproj", "{F5C8C0B0-3DC0-40A8-B2B0-3E8A352092AF}"
EndProject
Project("{9A19103F-16F7-4668-BE54-9A1E7A4F7556}") = "CoreHook.UWP.FileMonitor.Shared", "Examples\UWP\CoreHook.UWP.FileMonitor.Shared\CoreHook.UWP.FileMonitor.Shared.csproj", "{8A1CF652-4A6B-4CCA-878E-0F1B6A549EC1}"
EndProject
Project("{2150E333-8FDC-42A3-9474-1A3956D46DE8}") = "Unix", "Unix", "{EC806D59-A8F0-4517-973C-034B84684E3C}"
EndProject
Project("{9A19103F-16F7-4668-BE54-9A1E7A4F7556}") = "CoreHook.Unix.FileMonitor", "Examples\Unix\CoreHook.Unix.FileMonitor\CoreHook.Unix.FileMonitor.csproj", "{4AAFAB40-7BA7-4FD9-AC54-527F76487785}"
	ProjectSection(ProjectDependencies) = postProject
		{6354C983-BAA0-43F8-B0D7-D989720D6EA9} = {6354C983-BAA0-43F8-B0D7-D989720D6EA9}
		{5CD24098-AAA6-4273-8714-FA61E4E1F0D1} = {5CD24098-AAA6-4273-8714-FA61E4E1F0D1}
	EndProjectSection
EndProject
Project("{9A19103F-16F7-4668-BE54-9A1E7A4F7556}") = "CoreHook.Unix.FileMonitor.Hook", "Examples\Unix\CoreHook.Unix.FileMonitor.Hook\CoreHook.Unix.FileMonitor.Hook.csproj", "{6354C983-BAA0-43F8-B0D7-D989720D6EA9}"
EndProject
Project("{9A19103F-16F7-4668-BE54-9A1E7A4F7556}") = "CoreHook.UWP.FileMonitor", "Examples\UWP\CoreHook.UWP.FileMonitor\CoreHook.UWP.FileMonitor.csproj", "{A748AC38-0C25-463E-890D-6B43F0D3C21C}"
EndProject
Project("{2150E333-8FDC-42A3-9474-1A3956D46DE8}") = "Win32", "Win32", "{FCEA9FF3-7F84-4562-9512-D3B7AE03620A}"
EndProject
Project("{9A19103F-16F7-4668-BE54-9A1E7A4F7556}") = "CoreHook.FileMonitor", "Examples\Win32\CoreHook.FileMonitor\CoreHook.FileMonitor.csproj", "{FA09E0BF-9DC5-4737-B2DF-0ED74E3D71E5}"
	ProjectSection(ProjectDependencies) = postProject
		{5CD24098-AAA6-4273-8714-FA61E4E1F0D1} = {5CD24098-AAA6-4273-8714-FA61E4E1F0D1}
		{E07B809F-9068-4ADB-BE3E-FA4EB2D44424} = {E07B809F-9068-4ADB-BE3E-FA4EB2D44424}
	EndProjectSection
EndProject
Project("{9A19103F-16F7-4668-BE54-9A1E7A4F7556}") = "CoreHook.FileMonitor.Hook", "Examples\Win32\CoreHook.FileMonitor.Hook\CoreHook.FileMonitor.Hook.csproj", "{E07B809F-9068-4ADB-BE3E-FA4EB2D44424}"
EndProject
Project("{9A19103F-16F7-4668-BE54-9A1E7A4F7556}") = "CoreHook.FileMonitor.Service", "Examples\Win32\CoreHook.FileMonitor.Service\CoreHook.FileMonitor.Service.csproj", "{51815FB1-9B81-49FD-9E6D-11C24573441C}"
EndProject
Project("{9A19103F-16F7-4668-BE54-9A1E7A4F7556}") = "CoreHook.FileMonitor.Shared", "Examples\Win32\CoreHook.FileMonitor.Shared\CoreHook.FileMonitor.Shared.csproj", "{5CD24098-AAA6-4273-8714-FA61E4E1F0D1}"
EndProject
Project("{2150E333-8FDC-42A3-9474-1A3956D46DE8}") = "src", "src", "{397BC2E9-F70B-4C68-A6B3-405AFB6123CE}"
EndProject
Project("{9A19103F-16F7-4668-BE54-9A1E7A4F7556}") = "CoreHook", "src\CoreHook\CoreHook.csproj", "{AE8E24A5-72F5-4FC7-9095-49700AF38570}"
EndProject
Project("{9A19103F-16F7-4668-BE54-9A1E7A4F7556}") = "CoreHook.BinaryInjection", "src\CoreHook.BinaryInjection\CoreHook.BinaryInjection.csproj", "{F6C235DE-F333-4FAC-824B-8310AB442066}"
EndProject
Project("{9A19103F-16F7-4668-BE54-9A1E7A4F7556}") = "CoreHook.CoreLoad", "src\CoreHook.CoreLoad\CoreHook.CoreLoad.csproj", "{63EE7CAD-89B3-49AA-81E4-FECFFA9F7B8B}"
EndProject
Project("{9A19103F-16F7-4668-BE54-9A1E7A4F7556}") = "CoreHook.DependencyModel", "src\CoreHook.DependencyModel\CoreHook.DependencyModel.csproj", "{83EEB4CF-E21D-4187-9D73-E9A9891268DE}"
EndProject
Project("{9A19103F-16F7-4668-BE54-9A1E7A4F7556}") = "CoreHook.IPC", "src\CoreHook.IPC\CoreHook.IPC.csproj", "{B6EA0C64-B13B-4F14-B510-DFB616F5225C}"
EndProject
Project("{9A19103F-16F7-4668-BE54-9A1E7A4F7556}") = "CoreHook.ManagedHook", "src\CoreHook.ManagedHook\CoreHook.ManagedHook.csproj", "{C1446EE3-AF70-4902-B2CE-ED7F53FC0CB9}"
EndProject
Project("{9A19103F-16F7-4668-BE54-9A1E7A4F7556}") = "CoreHook.RPC", "src\CoreHook.RPC\CoreHook.RPC.csproj", "{2D2559BF-3D5C-4334-9C3D-699FBD058260}"
EndProject
Project("{9A19103F-16F7-4668-BE54-9A1E7A4F7556}") = "CoreHook.Unmanaged", "src\CoreHook.Unmanaged\CoreHook.Unmanaged.csproj", "{9BF07061-551A-431F-B27B-AD35E7AA7DA8}"
EndProject
Project("{2150E333-8FDC-42A3-9474-1A3956D46DE8}") = "test", "test", "{651578A4-4B76-4A11-897F-45A3D5714574}"
EndProject
Project("{9A19103F-16F7-4668-BE54-9A1E7A4F7556}") = "CoreHook.Tests", "test\CoreHook.Tests\CoreHook.Tests.csproj", "{AAAC3722-8911-4F80-8232-840D81F8C938}"
EndProject
Global
	GlobalSection(SolutionConfigurationPlatforms) = preSolution
		Debug|Any CPU = Debug|Any CPU
		Debug|x86 = Debug|x86
		Release|Any CPU = Release|Any CPU
		Release|x86 = Release|x86
	EndGlobalSection
	GlobalSection(ProjectConfigurationPlatforms) = postSolution
		{F5C8C0B0-3DC0-40A8-B2B0-3E8A352092AF}.Debug|Any CPU.ActiveCfg = Debug|Any CPU
		{F5C8C0B0-3DC0-40A8-B2B0-3E8A352092AF}.Debug|Any CPU.Build.0 = Debug|Any CPU
		{F5C8C0B0-3DC0-40A8-B2B0-3E8A352092AF}.Debug|x86.ActiveCfg = Debug|x86
		{F5C8C0B0-3DC0-40A8-B2B0-3E8A352092AF}.Debug|x86.Build.0 = Debug|x86
		{F5C8C0B0-3DC0-40A8-B2B0-3E8A352092AF}.Release|Any CPU.ActiveCfg = Release|Any CPU
		{F5C8C0B0-3DC0-40A8-B2B0-3E8A352092AF}.Release|Any CPU.Build.0 = Release|Any CPU
		{F5C8C0B0-3DC0-40A8-B2B0-3E8A352092AF}.Release|x86.ActiveCfg = Release|x86
		{F5C8C0B0-3DC0-40A8-B2B0-3E8A352092AF}.Release|x86.Build.0 = Release|x86
		{8A1CF652-4A6B-4CCA-878E-0F1B6A549EC1}.Debug|Any CPU.ActiveCfg = Debug|Any CPU
		{8A1CF652-4A6B-4CCA-878E-0F1B6A549EC1}.Debug|Any CPU.Build.0 = Debug|Any CPU
		{8A1CF652-4A6B-4CCA-878E-0F1B6A549EC1}.Debug|x86.ActiveCfg = Debug|x86
		{8A1CF652-4A6B-4CCA-878E-0F1B6A549EC1}.Debug|x86.Build.0 = Debug|x86
		{8A1CF652-4A6B-4CCA-878E-0F1B6A549EC1}.Release|Any CPU.ActiveCfg = Release|Any CPU
		{8A1CF652-4A6B-4CCA-878E-0F1B6A549EC1}.Release|Any CPU.Build.0 = Release|Any CPU
		{8A1CF652-4A6B-4CCA-878E-0F1B6A549EC1}.Release|x86.ActiveCfg = Release|x86
		{8A1CF652-4A6B-4CCA-878E-0F1B6A549EC1}.Release|x86.Build.0 = Release|x86
		{4AAFAB40-7BA7-4FD9-AC54-527F76487785}.Debug|Any CPU.ActiveCfg = Debug|Any CPU
		{4AAFAB40-7BA7-4FD9-AC54-527F76487785}.Debug|Any CPU.Build.0 = Debug|Any CPU
		{4AAFAB40-7BA7-4FD9-AC54-527F76487785}.Debug|x86.ActiveCfg = Debug|Any CPU
		{4AAFAB40-7BA7-4FD9-AC54-527F76487785}.Release|Any CPU.ActiveCfg = Release|Any CPU
		{4AAFAB40-7BA7-4FD9-AC54-527F76487785}.Release|Any CPU.Build.0 = Release|Any CPU
		{4AAFAB40-7BA7-4FD9-AC54-527F76487785}.Release|x86.ActiveCfg = Release|Any CPU
		{4AAFAB40-7BA7-4FD9-AC54-527F76487785}.Release|x86.Build.0 = Release|Any CPU
		{6354C983-BAA0-43F8-B0D7-D989720D6EA9}.Debug|Any CPU.ActiveCfg = Debug|Any CPU
		{6354C983-BAA0-43F8-B0D7-D989720D6EA9}.Debug|Any CPU.Build.0 = Debug|Any CPU
		{6354C983-BAA0-43F8-B0D7-D989720D6EA9}.Debug|x86.ActiveCfg = Debug|Any CPU
		{6354C983-BAA0-43F8-B0D7-D989720D6EA9}.Release|Any CPU.ActiveCfg = Release|Any CPU
		{6354C983-BAA0-43F8-B0D7-D989720D6EA9}.Release|Any CPU.Build.0 = Release|Any CPU
		{6354C983-BAA0-43F8-B0D7-D989720D6EA9}.Release|x86.ActiveCfg = Release|Any CPU
		{6354C983-BAA0-43F8-B0D7-D989720D6EA9}.Release|x86.Build.0 = Release|Any CPU
		{A748AC38-0C25-463E-890D-6B43F0D3C21C}.Debug|Any CPU.ActiveCfg = Debug|Any CPU
		{A748AC38-0C25-463E-890D-6B43F0D3C21C}.Debug|Any CPU.Build.0 = Debug|Any CPU
		{A748AC38-0C25-463E-890D-6B43F0D3C21C}.Debug|x86.ActiveCfg = Debug|x86
		{A748AC38-0C25-463E-890D-6B43F0D3C21C}.Debug|x86.Build.0 = Debug|x86
		{A748AC38-0C25-463E-890D-6B43F0D3C21C}.Release|Any CPU.ActiveCfg = Release|Any CPU
		{A748AC38-0C25-463E-890D-6B43F0D3C21C}.Release|Any CPU.Build.0 = Release|Any CPU
		{A748AC38-0C25-463E-890D-6B43F0D3C21C}.Release|x86.ActiveCfg = Release|Any CPU
		{A748AC38-0C25-463E-890D-6B43F0D3C21C}.Release|x86.Build.0 = Release|Any CPU
		{FA09E0BF-9DC5-4737-B2DF-0ED74E3D71E5}.Debug|Any CPU.ActiveCfg = Debug|Any CPU
		{FA09E0BF-9DC5-4737-B2DF-0ED74E3D71E5}.Debug|Any CPU.Build.0 = Debug|Any CPU
		{FA09E0BF-9DC5-4737-B2DF-0ED74E3D71E5}.Debug|x86.ActiveCfg = Debug|x86
		{FA09E0BF-9DC5-4737-B2DF-0ED74E3D71E5}.Debug|x86.Build.0 = Debug|x86
		{FA09E0BF-9DC5-4737-B2DF-0ED74E3D71E5}.Release|Any CPU.ActiveCfg = Release|Any CPU
		{FA09E0BF-9DC5-4737-B2DF-0ED74E3D71E5}.Release|Any CPU.Build.0 = Release|Any CPU
		{FA09E0BF-9DC5-4737-B2DF-0ED74E3D71E5}.Release|x86.ActiveCfg = Release|x86
		{FA09E0BF-9DC5-4737-B2DF-0ED74E3D71E5}.Release|x86.Build.0 = Release|x86
		{E07B809F-9068-4ADB-BE3E-FA4EB2D44424}.Debug|Any CPU.ActiveCfg = Debug|Any CPU
		{E07B809F-9068-4ADB-BE3E-FA4EB2D44424}.Debug|Any CPU.Build.0 = Debug|Any CPU
		{E07B809F-9068-4ADB-BE3E-FA4EB2D44424}.Debug|x86.ActiveCfg = Debug|x86
		{E07B809F-9068-4ADB-BE3E-FA4EB2D44424}.Debug|x86.Build.0 = Debug|x86
		{E07B809F-9068-4ADB-BE3E-FA4EB2D44424}.Release|Any CPU.ActiveCfg = Release|Any CPU
		{E07B809F-9068-4ADB-BE3E-FA4EB2D44424}.Release|Any CPU.Build.0 = Release|Any CPU
		{E07B809F-9068-4ADB-BE3E-FA4EB2D44424}.Release|x86.ActiveCfg = Release|x86
		{E07B809F-9068-4ADB-BE3E-FA4EB2D44424}.Release|x86.Build.0 = Release|x86
		{51815FB1-9B81-49FD-9E6D-11C24573441C}.Debug|Any CPU.ActiveCfg = Debug|Any CPU
		{51815FB1-9B81-49FD-9E6D-11C24573441C}.Debug|Any CPU.Build.0 = Debug|Any CPU
		{51815FB1-9B81-49FD-9E6D-11C24573441C}.Debug|x86.ActiveCfg = Debug|Any CPU
		{51815FB1-9B81-49FD-9E6D-11C24573441C}.Debug|x86.Build.0 = Debug|Any CPU
		{51815FB1-9B81-49FD-9E6D-11C24573441C}.Release|Any CPU.ActiveCfg = Release|Any CPU
		{51815FB1-9B81-49FD-9E6D-11C24573441C}.Release|Any CPU.Build.0 = Release|Any CPU
		{51815FB1-9B81-49FD-9E6D-11C24573441C}.Release|x86.ActiveCfg = Release|x86
		{51815FB1-9B81-49FD-9E6D-11C24573441C}.Release|x86.Build.0 = Release|x86
		{5CD24098-AAA6-4273-8714-FA61E4E1F0D1}.Debug|Any CPU.ActiveCfg = Debug|Any CPU
		{5CD24098-AAA6-4273-8714-FA61E4E1F0D1}.Debug|Any CPU.Build.0 = Debug|Any CPU
		{5CD24098-AAA6-4273-8714-FA61E4E1F0D1}.Debug|x86.ActiveCfg = Debug|Any CPU
		{5CD24098-AAA6-4273-8714-FA61E4E1F0D1}.Debug|x86.Build.0 = Debug|Any CPU
		{5CD24098-AAA6-4273-8714-FA61E4E1F0D1}.Release|Any CPU.ActiveCfg = Release|Any CPU
		{5CD24098-AAA6-4273-8714-FA61E4E1F0D1}.Release|Any CPU.Build.0 = Release|Any CPU
		{5CD24098-AAA6-4273-8714-FA61E4E1F0D1}.Release|x86.ActiveCfg = Release|x86
		{5CD24098-AAA6-4273-8714-FA61E4E1F0D1}.Release|x86.Build.0 = Release|x86
		{AE8E24A5-72F5-4FC7-9095-49700AF38570}.Debug|Any CPU.ActiveCfg = Debug|Any CPU
		{AE8E24A5-72F5-4FC7-9095-49700AF38570}.Debug|Any CPU.Build.0 = Debug|Any CPU
		{AE8E24A5-72F5-4FC7-9095-49700AF38570}.Debug|x86.ActiveCfg = Debug|Any CPU
		{AE8E24A5-72F5-4FC7-9095-49700AF38570}.Debug|x86.Build.0 = Debug|Any CPU
		{AE8E24A5-72F5-4FC7-9095-49700AF38570}.Release|Any CPU.ActiveCfg = Release|Any CPU
		{AE8E24A5-72F5-4FC7-9095-49700AF38570}.Release|Any CPU.Build.0 = Release|Any CPU
		{AE8E24A5-72F5-4FC7-9095-49700AF38570}.Release|x86.ActiveCfg = Release|x86
		{AE8E24A5-72F5-4FC7-9095-49700AF38570}.Release|x86.Build.0 = Release|x86
		{F6C235DE-F333-4FAC-824B-8310AB442066}.Debug|Any CPU.ActiveCfg = Debug|Any CPU
		{F6C235DE-F333-4FAC-824B-8310AB442066}.Debug|Any CPU.Build.0 = Debug|Any CPU
		{F6C235DE-F333-4FAC-824B-8310AB442066}.Debug|x86.ActiveCfg = Debug|Any CPU
		{F6C235DE-F333-4FAC-824B-8310AB442066}.Debug|x86.Build.0 = Debug|Any CPU
		{F6C235DE-F333-4FAC-824B-8310AB442066}.Release|Any CPU.ActiveCfg = Release|Any CPU
		{F6C235DE-F333-4FAC-824B-8310AB442066}.Release|Any CPU.Build.0 = Release|Any CPU
		{F6C235DE-F333-4FAC-824B-8310AB442066}.Release|x86.ActiveCfg = Release|x86
		{F6C235DE-F333-4FAC-824B-8310AB442066}.Release|x86.Build.0 = Release|x86
		{63EE7CAD-89B3-49AA-81E4-FECFFA9F7B8B}.Debug|Any CPU.ActiveCfg = Debug|Any CPU
		{63EE7CAD-89B3-49AA-81E4-FECFFA9F7B8B}.Debug|Any CPU.Build.0 = Debug|Any CPU
		{63EE7CAD-89B3-49AA-81E4-FECFFA9F7B8B}.Debug|x86.ActiveCfg = Debug|x86
		{63EE7CAD-89B3-49AA-81E4-FECFFA9F7B8B}.Debug|x86.Build.0 = Debug|x86
		{63EE7CAD-89B3-49AA-81E4-FECFFA9F7B8B}.Release|Any CPU.ActiveCfg = Release|Any CPU
		{63EE7CAD-89B3-49AA-81E4-FECFFA9F7B8B}.Release|Any CPU.Build.0 = Release|Any CPU
		{63EE7CAD-89B3-49AA-81E4-FECFFA9F7B8B}.Release|x86.ActiveCfg = Release|x86
		{63EE7CAD-89B3-49AA-81E4-FECFFA9F7B8B}.Release|x86.Build.0 = Release|x86
		{83EEB4CF-E21D-4187-9D73-E9A9891268DE}.Debug|Any CPU.ActiveCfg = Debug|Any CPU
		{83EEB4CF-E21D-4187-9D73-E9A9891268DE}.Debug|Any CPU.Build.0 = Debug|Any CPU
		{83EEB4CF-E21D-4187-9D73-E9A9891268DE}.Debug|x86.ActiveCfg = Debug|Any CPU
		{83EEB4CF-E21D-4187-9D73-E9A9891268DE}.Debug|x86.Build.0 = Debug|Any CPU
		{83EEB4CF-E21D-4187-9D73-E9A9891268DE}.Release|Any CPU.ActiveCfg = Release|Any CPU
		{83EEB4CF-E21D-4187-9D73-E9A9891268DE}.Release|Any CPU.Build.0 = Release|Any CPU
		{83EEB4CF-E21D-4187-9D73-E9A9891268DE}.Release|x86.ActiveCfg = Release|x86
		{83EEB4CF-E21D-4187-9D73-E9A9891268DE}.Release|x86.Build.0 = Release|x86
		{B6EA0C64-B13B-4F14-B510-DFB616F5225C}.Debug|Any CPU.ActiveCfg = Debug|Any CPU
		{B6EA0C64-B13B-4F14-B510-DFB616F5225C}.Debug|Any CPU.Build.0 = Debug|Any CPU
		{B6EA0C64-B13B-4F14-B510-DFB616F5225C}.Debug|x86.ActiveCfg = Debug|x86
		{B6EA0C64-B13B-4F14-B510-DFB616F5225C}.Debug|x86.Build.0 = Debug|x86
		{B6EA0C64-B13B-4F14-B510-DFB616F5225C}.Release|Any CPU.ActiveCfg = Release|Any CPU
		{B6EA0C64-B13B-4F14-B510-DFB616F5225C}.Release|Any CPU.Build.0 = Release|Any CPU
		{B6EA0C64-B13B-4F14-B510-DFB616F5225C}.Release|x86.ActiveCfg = Release|x86
		{B6EA0C64-B13B-4F14-B510-DFB616F5225C}.Release|x86.Build.0 = Release|x86
		{C1446EE3-AF70-4902-B2CE-ED7F53FC0CB9}.Debug|Any CPU.ActiveCfg = Debug|Any CPU
		{C1446EE3-AF70-4902-B2CE-ED7F53FC0CB9}.Debug|Any CPU.Build.0 = Debug|Any CPU
		{C1446EE3-AF70-4902-B2CE-ED7F53FC0CB9}.Debug|x86.ActiveCfg = Debug|x86
		{C1446EE3-AF70-4902-B2CE-ED7F53FC0CB9}.Debug|x86.Build.0 = Debug|x86
		{C1446EE3-AF70-4902-B2CE-ED7F53FC0CB9}.Release|Any CPU.ActiveCfg = Release|Any CPU
		{C1446EE3-AF70-4902-B2CE-ED7F53FC0CB9}.Release|Any CPU.Build.0 = Release|Any CPU
		{C1446EE3-AF70-4902-B2CE-ED7F53FC0CB9}.Release|x86.ActiveCfg = Release|x86
		{C1446EE3-AF70-4902-B2CE-ED7F53FC0CB9}.Release|x86.Build.0 = Release|x86
		{2D2559BF-3D5C-4334-9C3D-699FBD058260}.Debug|Any CPU.ActiveCfg = Debug|Any CPU
		{2D2559BF-3D5C-4334-9C3D-699FBD058260}.Debug|Any CPU.Build.0 = Debug|Any CPU
		{2D2559BF-3D5C-4334-9C3D-699FBD058260}.Debug|x86.ActiveCfg = Debug|x86
		{2D2559BF-3D5C-4334-9C3D-699FBD058260}.Debug|x86.Build.0 = Debug|x86
		{2D2559BF-3D5C-4334-9C3D-699FBD058260}.Release|Any CPU.ActiveCfg = Release|Any CPU
		{2D2559BF-3D5C-4334-9C3D-699FBD058260}.Release|Any CPU.Build.0 = Release|Any CPU
		{2D2559BF-3D5C-4334-9C3D-699FBD058260}.Release|x86.ActiveCfg = Release|x86
		{2D2559BF-3D5C-4334-9C3D-699FBD058260}.Release|x86.Build.0 = Release|x86
		{9BF07061-551A-431F-B27B-AD35E7AA7DA8}.Debug|Any CPU.ActiveCfg = Debug|Any CPU
		{9BF07061-551A-431F-B27B-AD35E7AA7DA8}.Debug|Any CPU.Build.0 = Debug|Any CPU
		{9BF07061-551A-431F-B27B-AD35E7AA7DA8}.Debug|x86.ActiveCfg = Debug|Any CPU
		{9BF07061-551A-431F-B27B-AD35E7AA7DA8}.Debug|x86.Build.0 = Debug|Any CPU
		{9BF07061-551A-431F-B27B-AD35E7AA7DA8}.Release|Any CPU.ActiveCfg = Release|Any CPU
		{9BF07061-551A-431F-B27B-AD35E7AA7DA8}.Release|Any CPU.Build.0 = Release|Any CPU
		{9BF07061-551A-431F-B27B-AD35E7AA7DA8}.Release|x86.ActiveCfg = Release|x86
		{9BF07061-551A-431F-B27B-AD35E7AA7DA8}.Release|x86.Build.0 = Release|x86
		{AAAC3722-8911-4F80-8232-840D81F8C938}.Debug|Any CPU.ActiveCfg = Debug|Any CPU
		{AAAC3722-8911-4F80-8232-840D81F8C938}.Debug|Any CPU.Build.0 = Debug|Any CPU
		{AAAC3722-8911-4F80-8232-840D81F8C938}.Debug|x86.ActiveCfg = Debug|x86
		{AAAC3722-8911-4F80-8232-840D81F8C938}.Debug|x86.Build.0 = Debug|x86
		{AAAC3722-8911-4F80-8232-840D81F8C938}.Release|Any CPU.ActiveCfg = Release|Any CPU
		{AAAC3722-8911-4F80-8232-840D81F8C938}.Release|Any CPU.Build.0 = Release|Any CPU
		{AAAC3722-8911-4F80-8232-840D81F8C938}.Release|x86.ActiveCfg = Release|Any CPU
		{AAAC3722-8911-4F80-8232-840D81F8C938}.Release|x86.Build.0 = Release|Any CPU
	EndGlobalSection
	GlobalSection(SolutionProperties) = preSolution
		HideSolutionNode = FALSE
	EndGlobalSection
	GlobalSection(NestedProjects) = preSolution
		{9057E888-2395-40BB-BD54-FF486028AE16} = {C1E373D4-037B-4479-9AF5-EE4E08642585}
		{F5C8C0B0-3DC0-40A8-B2B0-3E8A352092AF} = {9057E888-2395-40BB-BD54-FF486028AE16}
		{8A1CF652-4A6B-4CCA-878E-0F1B6A549EC1} = {9057E888-2395-40BB-BD54-FF486028AE16}
		{EC806D59-A8F0-4517-973C-034B84684E3C} = {C1E373D4-037B-4479-9AF5-EE4E08642585}
		{4AAFAB40-7BA7-4FD9-AC54-527F76487785} = {EC806D59-A8F0-4517-973C-034B84684E3C}
		{6354C983-BAA0-43F8-B0D7-D989720D6EA9} = {EC806D59-A8F0-4517-973C-034B84684E3C}
		{A748AC38-0C25-463E-890D-6B43F0D3C21C} = {9057E888-2395-40BB-BD54-FF486028AE16}
		{FCEA9FF3-7F84-4562-9512-D3B7AE03620A} = {C1E373D4-037B-4479-9AF5-EE4E08642585}
		{FA09E0BF-9DC5-4737-B2DF-0ED74E3D71E5} = {FCEA9FF3-7F84-4562-9512-D3B7AE03620A}
		{E07B809F-9068-4ADB-BE3E-FA4EB2D44424} = {FCEA9FF3-7F84-4562-9512-D3B7AE03620A}
		{51815FB1-9B81-49FD-9E6D-11C24573441C} = {FCEA9FF3-7F84-4562-9512-D3B7AE03620A}
		{5CD24098-AAA6-4273-8714-FA61E4E1F0D1} = {FCEA9FF3-7F84-4562-9512-D3B7AE03620A}
		{AE8E24A5-72F5-4FC7-9095-49700AF38570} = {397BC2E9-F70B-4C68-A6B3-405AFB6123CE}
		{F6C235DE-F333-4FAC-824B-8310AB442066} = {397BC2E9-F70B-4C68-A6B3-405AFB6123CE}
		{63EE7CAD-89B3-49AA-81E4-FECFFA9F7B8B} = {397BC2E9-F70B-4C68-A6B3-405AFB6123CE}
		{83EEB4CF-E21D-4187-9D73-E9A9891268DE} = {397BC2E9-F70B-4C68-A6B3-405AFB6123CE}
		{B6EA0C64-B13B-4F14-B510-DFB616F5225C} = {397BC2E9-F70B-4C68-A6B3-405AFB6123CE}
		{C1446EE3-AF70-4902-B2CE-ED7F53FC0CB9} = {397BC2E9-F70B-4C68-A6B3-405AFB6123CE}
		{2D2559BF-3D5C-4334-9C3D-699FBD058260} = {397BC2E9-F70B-4C68-A6B3-405AFB6123CE}
		{9BF07061-551A-431F-B27B-AD35E7AA7DA8} = {397BC2E9-F70B-4C68-A6B3-405AFB6123CE}
		{AAAC3722-8911-4F80-8232-840D81F8C938} = {651578A4-4B76-4A11-897F-45A3D5714574}
	EndGlobalSection
	GlobalSection(ExtensibilityGlobals) = postSolution
		SolutionGuid = {7F1E6A8F-CBCB-4F01-B2C4-446C6F3AD674}
	EndGlobalSection
EndGlobal
